
Microsoft Visual Studio Solution File, Format Version 12.00
# Visual Studio Version 16
VisualStudioVersion = 16.0.28922.388
MinimumVisualStudioVersion = 10.0.40219.1
Project("{FAE04EC0-301F-11D3-BF4B-00C04F79EFBC}") = "SacramentPlanner", "SacramentPlanner\SacramentPlanner.csproj", "{B6F22DA9-C5C2-416D-AD78-2EAF56511938}"
EndProject
Global
	GlobalSection(SolutionConfigurationPlatforms) = preSolution
		Debug|Any CPU = Debug|Any CPU
		Release|Any CPU = Release|Any CPU
	EndGlobalSection
	GlobalSection(ProjectConfigurationPlatforms) = postSolution
		{B6F22DA9-C5C2-416D-AD78-2EAF56511938}.Debug|Any CPU.ActiveCfg = Debug|Any CPU
		{B6F22DA9-C5C2-416D-AD78-2EAF56511938}.Debug|Any CPU.Build.0 = Debug|Any CPU
		{B6F22DA9-C5C2-416D-AD78-2EAF56511938}.Release|Any CPU.ActiveCfg = Release|Any CPU
		{B6F22DA9-C5C2-416D-AD78-2EAF56511938}.Release|Any CPU.Build.0 = Release|Any CPU
	EndGlobalSection
	GlobalSection(SolutionProperties) = preSolution
		HideSolutionNode = FALSE
	EndGlobalSection
	GlobalSection(ExtensibilityGlobals) = postSolution
		SolutionGuid = {F24EDBCE-153E-4118-A3E3-014C68AA13CD}
	EndGlobalSection
EndGlobal
